// !$*UTF8*$!
{
	archiveVersion = 1;
	classes = {
	};
	objectVersion = 46;
	objects = {

/* Begin PBXBuildFile section */
		FCA1525B1BC17DBE1438D8AD /* LaunchScreen.storyboard in Resources */ = {isa = PBXBuildFile; fileRef = FCA153F70005644D1F47ED5A /* LaunchScreen.storyboard */; };
		FCA15399EBA191EB9BC6BE7D /* ViewController.swift in Sources */ = {isa = PBXBuildFile; fileRef = FCA1524E284DCCEEEB6DB7E0 /* ViewController.swift */; };
		FCA156EB8C8CD132555FC03E /* AppDelegate.swift in Sources */ = {isa = PBXBuildFile; fileRef = FCA151DCB19377BAEDC657EF /* AppDelegate.swift */; };
		FCA158BC71D25A1015D617E7 /* Main.storyboard in Resources */ = {isa = PBXBuildFile; fileRef = FCA1543FCE9E5E54AA754A54 /* Main.storyboard */; };
		FCA15E47223E2C254A71FF8C /* AnimationViewController.swift in Sources */ = {isa = PBXBuildFile; fileRef = FCA15DB266B67962EA76C0A5 /* AnimationViewController.swift */; };
		FCA15F974BE1BEAD3736D597 /* Assets.xcassets in Resources */ = {isa = PBXBuildFile; fileRef = FCA15B6F32D231CA29F79DA4 /* Assets.xcassets */; };
/* End PBXBuildFile section */

/* Begin PBXFileReference section */
		FCA151DCB19377BAEDC657EF /* AppDelegate.swift */ = {isa = PBXFileReference; lastKnownFileType = sourcecode.swift; path = AppDelegate.swift; sourceTree = "<group>"; };
		FCA1524E284DCCEEEB6DB7E0 /* ViewController.swift */ = {isa = PBXFileReference; lastKnownFileType = sourcecode.swift; path = ViewController.swift; sourceTree = "<group>"; };
		FCA1534068FEE3E530434949 /* Base */ = {isa = PBXFileReference; lastKnownFileType = file.storyboard; name = Base; path = Base.lproj/Main.storyboard; sourceTree = "<group>"; };
		FCA153EAA785F51125F210B6 /* BasicAnimation_Leon.app */ = {isa = PBXFileReference; explicitFileType = wrapper.application; includeInIndex = 0; path = BasicAnimation_Leon.app; sourceTree = BUILT_PRODUCTS_DIR; };
		FCA1581E3EDE58A0455A6695 /* Info.plist */ = {isa = PBXFileReference; lastKnownFileType = text.plist.info; path = Info.plist; sourceTree = "<group>"; };
		FCA15999A9CA6D44233C7AF7 /* Base */ = {isa = PBXFileReference; lastKnownFileType = file.storyboard; name = Base; path = Base.lproj/LaunchScreen.storyboard; sourceTree = "<group>"; };
		FCA15B6F32D231CA29F79DA4 /* Assets.xcassets */ = {isa = PBXFileReference; lastKnownFileType = folder.assetcatalog; path = Assets.xcassets; sourceTree = "<group>"; };
		FCA15DB266B67962EA76C0A5 /* AnimationViewController.swift */ = {isa = PBXFileReference; fileEncoding = 4; lastKnownFileType = sourcecode.swift; path = AnimationViewController.swift; sourceTree = "<group>"; };
/* End PBXFileReference section */

/* Begin PBXFrameworksBuildPhase section */
		FCA15B6579EBE450A37D3EB9 /* Frameworks */ = {
			isa = PBXFrameworksBuildPhase;
			buildActionMask = 2147483647;
			files = (
			);
			runOnlyForDeploymentPostprocessing = 0;
		};
/* End PBXFrameworksBuildPhase section */

/* Begin PBXGroup section */
		FCA1555B4D6D42145361CC23 /* BasicAnimation_Leon */ = {
			isa = PBXGroup;
			children = (
				FCA1581E3EDE58A0455A6695 /* Info.plist */,
				FCA15B6F32D231CA29F79DA4 /* Assets.xcassets */,
				FCA153F70005644D1F47ED5A /* LaunchScreen.storyboard */,
				FCA151DCB19377BAEDC657EF /* AppDelegate.swift */,
				FCA1543FCE9E5E54AA754A54 /* Main.storyboard */,
				FCA1524E284DCCEEEB6DB7E0 /* ViewController.swift */,
				FCA15DB266B67962EA76C0A5 /* AnimationViewController.swift */,
			);
			path = BasicAnimation_Leon;
			sourceTree = "<group>";
		};
		FCA157F9AC59CAB8813E4376 = {
			isa = PBXGroup;
			children = (
				FCA15AB695B4C1DDC3F9F3EE /* Products */,
				FCA1555B4D6D42145361CC23 /* BasicAnimation_Leon */,
			);
			sourceTree = "<group>";
		};
		FCA15AB695B4C1DDC3F9F3EE /* Products */ = {
			isa = PBXGroup;
			children = (
				FCA153EAA785F51125F210B6 /* BasicAnimation_Leon.app */,
			);
			name = Products;
			sourceTree = "<group>";
		};
/* End PBXGroup section */

/* Begin PBXNativeTarget section */
		FCA155A4E79AE2A36185B499 /* BasicAnimation_Leon */ = {
			isa = PBXNativeTarget;
			buildConfigurationList = FCA150688D19B57686884A96 /* Build configuration list for PBXNativeTarget "BasicAnimation_Leon" */;
			buildPhases = (
				FCA1506903F4FA08E588620B /* Sources */,
				FCA15B6579EBE450A37D3EB9 /* Frameworks */,
				FCA15301EF1788C7143AEFB6 /* Resources */,
			);
			buildRules = (
			);
			dependencies = (
			);
			name = BasicAnimation_Leon;
			productName = BasicAnimation_Leon;
			productReference = FCA153EAA785F51125F210B6 /* BasicAnimation_Leon.app */;
			productType = "com.apple.product-type.application";
		};
/* End PBXNativeTarget section */

/* Begin PBXProject section */
		FCA159756874CE535A60D7F3 /* Project object */ = {
			isa = PBXProject;
			attributes = {
				ORGANIZATIONNAME = clem;
				TargetAttributes = {
					FCA155A4E79AE2A36185B499 = {
						DevelopmentTeam = FCKB72E74L;
					};
				};
			};
			buildConfigurationList = FCA15A845FFC6C8082F3DECA /* Build configuration list for PBXProject "BasicAnimation_Leon" */;
			compatibilityVersion = "Xcode 3.2";
			developmentRegion = English;
			hasScannedForEncodings = 0;
			knownRegions = (
				en,
			);
			mainGroup = FCA157F9AC59CAB8813E4376;
			productRefGroup = FCA15AB695B4C1DDC3F9F3EE /* Products */;
			projectDirPath = "";
			projectRoot = "";
			targets = (
				FCA155A4E79AE2A36185B499 /* BasicAnimation_Leon */,
			);
		};
/* End PBXProject section */

/* Begin PBXResourcesBuildPhase section */
		FCA15301EF1788C7143AEFB6 /* Resources */ = {
			isa = PBXResourcesBuildPhase;
			buildActionMask = 2147483647;
			files = (
				FCA15F974BE1BEAD3736D597 /* Assets.xcassets in Resources */,
				FCA1525B1BC17DBE1438D8AD /* LaunchScreen.storyboard in Resources */,
				FCA158BC71D25A1015D617E7 /* Main.storyboard in Resources */,
			);
			runOnlyForDeploymentPostprocessing = 0;
		};
/* End PBXResourcesBuildPhase section */

/* Begin PBXSourcesBuildPhase section */
		FCA1506903F4FA08E588620B /* Sources */ = {
			isa = PBXSourcesBuildPhase;
			buildActionMask = 2147483647;
			files = (
				FCA156EB8C8CD132555FC03E /* AppDelegate.swift in Sources */,
				FCA15399EBA191EB9BC6BE7D /* ViewController.swift in Sources */,
				FCA15E47223E2C254A71FF8C /* AnimationViewController.swift in Sources */,
			);
			runOnlyForDeploymentPostprocessing = 0;
		};
/* End PBXSourcesBuildPhase section */

/* Begin PBXVariantGroup section */
		FCA153F70005644D1F47ED5A /* LaunchScreen.storyboard */ = {
			isa = PBXVariantGroup;
			children = (
				FCA15999A9CA6D44233C7AF7 /* Base */,
			);
			name = LaunchScreen.storyboard;
			sourceTree = "<group>";
		};
		FCA1543FCE9E5E54AA754A54 /* Main.storyboard */ = {
			isa = PBXVariantGroup;
			children = (
				FCA1534068FEE3E530434949 /* Base */,
			);
			name = Main.storyboard;
			sourceTree = "<group>";
		};
/* End PBXVariantGroup section */

/* Begin XCBuildConfiguration section */
		FCA154AC7E7DF449C5AE35E2 /* Debug */ = {
			isa = XCBuildConfiguration;
			buildSettings = {
				ASSETCATALOG_COMPILER_APPICON_NAME = AppIcon;
				DEVELOPMENT_TEAM = FCKB72E74L;
				INFOPLIST_FILE = BasicAnimation_Leon/Info.plist;
				LD_RUNPATH_SEARCH_PATHS = "$(inherited) @executable_path/Frameworks";
				PRODUCT_BUNDLE_IDENTIFIER = "com.clem.www.BasicAnimation-Leon";
				PRODUCT_NAME = "$(TARGET_NAME)";
				SWIFT_VERSION = 4.0;
				TARGETED_DEVICE_FAMILY = "1,2";
			};
			name = Debug;
		};
		FCA1575A828E0F4633451086 /* Release */ = {
			isa = XCBuildConfiguration;
			buildSettings = {
				ASSETCATALOG_COMPILER_APPICON_NAME = AppIcon;
				DEVELOPMENT_TEAM = FCKB72E74L;
				INFOPLIST_FILE = BasicAnimation_Leon/Info.plist;
				LD_RUNPATH_SEARCH_PATHS = "$(inherited) @executable_path/Frameworks";
				PRODUCT_BUNDLE_IDENTIFIER = "com.clem.www.BasicAnimation-Leon";
				PRODUCT_NAME = "$(TARGET_NAME)";
				SWIFT_VERSION = 4.0;
				TARGETED_DEVICE_FAMILY = "1,2";
			};
			name = Release;
		};
		FCA1585A74B50ACC84D1F31C /* Release */ = {
			isa = XCBuildConfiguration;
			buildSettings = {
				ALWAYS_SEARCH_USER_PATHS = NO;
				CLANG_ANALYZER_NONNULL = YES;
				CLANG_ANALYZER_NUMBER_OBJECT_CONVERSION = YES_AGGRESSIVE;
				CLANG_CXX_LANGUAGE_STANDARD = "gnu++14";
				CLANG_CXX_LIBRARY = "libc++";
				CLANG_ENABLE_MODULES = YES;
				CLANG_ENABLE_OBJC_ARC = YES;
				CLANG_WARN_BLOCK_CAPTURE_AUTORELEASING = YES;
				CLANG_WARN_BOOL_CONVERSION = YES;
				CLANG_WARN_COMMA = YES;
				CLANG_WARN_CONSTANT_CONVERSION = YES;
				CLANG_WARN_DIRECT_OBJC_ISA_USAGE = YES_ERROR;
				CLANG_WARN_DOCUMENTATION_COMMENTS = YES;
				CLANG_WARN_EMPTY_BODY = YES;
				CLANG_WARN_ENUM_CONVERSION = YES;
				CLANG_WARN_INFINITE_RECURSION = YES;
				CLANG_WARN_INT_CONVERSION = YES;
				CLANG_WARN_NON_LITERAL_NULL_CONVERSION = YES;
				CLANG_WARN_OBJC_LITERAL_CONVERSION = YES;
				CLANG_WARN_OBJC_ROOT_CLASS = YES_ERROR;
				CLANG_WARN_RANGE_LOOP_ANALYSIS = YES;
				CLANG_WARN_STRICT_PROTOTYPES = YES;
				CLANG_WARN_SUSPICIOUS_MOVE = YES;
				CLANG_WARN_UNGUARDED_AVAILABILITY = YES_AGGRESSIVE;
				CLANG_WARN_UNREACHABLE_CODE = YES;
				CLANG_WARN__DUPLICATE_METHOD_MATCH = YES;
				CODE_SIGN_IDENTITY = "iPhone Developer";
				COPY_PHASE_STRIP = NO;
				DEBUG_INFORMATION_FORMAT = "dwarf-with-dsym";
				ENABLE_NS_ASSERTIONS = NO;
				ENABLE_STRICT_OBJC_MSGSEND = YES;
				GCC_C_LANGUAGE_STANDARD = gnu11;
				GCC_NO_COMMON_BLOCKS = YES;
				GCC_WARN_64_TO_32_BIT_CONVERSION = YES;
				GCC_WARN_ABOUT_RETURN_TYPE = YES_ERROR;
				GCC_WARN_UNDECLARED_SELECTOR = YES;
				GCC_WARN_UNINITIALIZED_AUTOS = YES_AGGRESSIVE;
				GCC_WARN_UNUSED_FUNCTION = YES;
				GCC_WARN_UNUSED_VARIABLE = YES;
				IPHONEOS_DEPLOYMENT_TARGET = 11.2;
				MTL_ENABLE_DEBUG_INFO = NO;
				SDKROOT = iphoneos;
				SWIFT_OPTIMIZATION_LEVEL = "-Owholemodule";
				VALIDATE_PRODUCT = YES;
			};
			name = Release;
		};
		FCA15D53A80001EE07AD28E3 /* Debug */ = {
			isa = XCBuildConfiguration;
			buildSettings = {
				ALWAYS_SEARCH_USER_PATHS = NO;
				CLANG_ANALYZER_NONNULL = YES;
				CLANG_ANALYZER_NUMBER_OBJECT_CONVERSION = YES_AGGRESSIVE;
				CLANG_CXX_LANGUAGE_STANDARD = "gnu++14";
				CLANG_CXX_LIBRARY = "libc++";
				CLANG_ENABLE_MODULES = YES;
				CLANG_ENABLE_OBJC_ARC = YES;
				CLANG_WARN_BLOCK_CAPTURE_AUTORELEASING = YES;
				CLANG_WARN_BOOL_CONVERSION = YES;
				CLANG_WARN_COMMA = YES;
				CLANG_WARN_CONSTANT_CONVERSION = YES;
				CLANG_WARN_DIRECT_OBJC_ISA_USAGE = YES_ERROR;
				CLANG_WARN_DOCUMENTATION_COMMENTS = YES;
				CLANG_WARN_EMPTY_BODY = YES;
				CLANG_WARN_ENUM_CONVERSION = YES;
				CLANG_WARN_INFINITE_RECURSION = YES;
				CLANG_WARN_INT_CONVERSION = YES;
				CLANG_WARN_NON_LITERAL_NULL_CONVERSION = YES;
				CLANG_WARN_OBJC_LITERAL_CONVERSION = YES;
				CLANG_WARN_OBJC_ROOT_CLASS = YES_ERROR;
				CLANG_WARN_RANGE_LOOP_ANALYSIS = YES;
				CLANG_WARN_STRICT_PROTOTYPES = YES;
				CLANG_WARN_SUSPICIOUS_MOVE = YES;
				CLANG_WARN_UNGUARDED_AVAILABILITY = YES_AGGRESSIVE;
				CLANG_WARN_UNREACHABLE_CODE = YES;
				CLANG_WARN__DUPLICATE_METHOD_MATCH = YES;
				CODE_SIGN_IDENTITY = "iPhone Developer";
				COPY_PHASE_STRIP = NO;
				DEBUG_INFORMATION_FORMAT = dwarf;
				ENABLE_STRICT_OBJC_MSGSEND = YES;
				ENABLE_TESTABILITY = YES;
				GCC_C_LANGUAGE_STANDARD = gnu11;
				GCC_DYNAMIC_NO_PIC = NO;
				GCC_NO_COMMON_BLOCKS = YES;
				GCC_OPTIMIZATION_LEVEL = 0;
				GCC_PREPROCESSOR_DEFINITIONS = (
					"DEBUG=1",
					"$(inherited)",
				);
				GCC_WARN_64_TO_32_BIT_CONVERSION = YES;
				GCC_WARN_ABOUT_RETURN_TYPE = YES_ERROR;
				GCC_WARN_UNDECLARED_SELECTOR = YES;
				GCC_WARN_UNINITIALIZED_AUTOS = YES_AGGRESSIVE;
				GCC_WARN_UNUSED_FUNCTION = YES;
				GCC_WARN_UNUSED_VARIABLE = YES;
				IPHONEOS_DEPLOYMENT_TARGET = 11.2;
				MTL_ENABLE_DEBUG_INFO = YES;
				ONLY_ACTIVE_ARCH = YES;
				SDKROOT = iphoneos;
				SWIFT_ACTIVE_COMPILATION_CONDITIONS = DEBUG;
				SWIFT_OPTIMIZATION_LEVEL = "-Onone";
			};
			name = Debug;
		};
/* End XCBuildConfiguration section */

/* Begin XCConfigurationList section */
		FCA150688D19B57686884A96 /* Build configuration list for PBXNativeTarget "BasicAnimation_Leon" */ = {
			isa = XCConfigurationList;
			buildConfigurations = (
				FCA154AC7E7DF449C5AE35E2 /* Debug */,
				FCA1575A828E0F4633451086 /* Release */,
			);
			defaultConfigurationIsVisible = 0;
			defaultConfigurationName = Release;
		};
		FCA15A845FFC6C8082F3DECA /* Build configuration list for PBXProject "BasicAnimation_Leon" */ = {
			isa = XCConfigurationList;
			buildConfigurations = (
				FCA15D53A80001EE07AD28E3 /* Debug */,
				FCA1585A74B50ACC84D1F31C /* Release */,
			);
			defaultConfigurationIsVisible = 0;
			defaultConfigurationName = Release;
		};
/* End XCConfigurationList section */
	};
	rootObject = FCA159756874CE535A60D7F3 /* Project object */;
}
